{
  "name": "ewsd-bk",
  "lockfileVersion": 3,
  "requires": true,
  "packages": {
    "": {
      "dependencies": {
        "vercel-php-runtime": "^0.1.1"
      }
    },
    "node_modules/@libphp/amazon-linux-2-v74": {
      "version": "0.0.18",
      "resolved": "https://registry.npmjs.org/@libphp/amazon-linux-2-v74/-/amazon-linux-2-v74-0.0.18.tgz",
      "integrity": "sha512-PL2iPs6lSvjP7sozRMAtq6mvAHFdNXcCjwrt5IdIiFBzV9fHAt/aalVHhW3jkE1Nx8cxEekXji1kkcCtd0JpYA=="
    },
    "node_modules/vercel-php-runtime": {
      "version": "0.1.1",
      "resolved": "https://registry.npmjs.org/vercel-php-runtime/-/vercel-php-runtime-0.1.1.tgz",
      "integrity": "sha512-WQwq+9e3uqFte5xKcYV5GM6BYKAefKCoxRjRQGYpJlifQv53t6fza8/Q42omXOLz85tkKlnOzamqc0OUqOeb+g==",
      "dependencies": {
        "@libphp/amazon-linux-2-v74": "latest"
      }
    }
  }
}
